
Microsoft Visual Studio Solution File, Format Version 12.00
# Visual Studio Version 16
VisualStudioVersion = 16.0.30523.141
MinimumVisualStudioVersion = 10.0.40219.1
Project("{8BC9CEB8-8B4A-11D0-8D11-00A0C91BC942}") = "OS_LAB_1", "OS_LAB_1\OS_LAB_1.vcxproj", "{CFD09E6D-752D-44B2-B391-47D46F8D44CC}"
EndProject
Global
	GlobalSection(SolutionConfigurationPlatforms) = preSolution
		Debug|x64 = Debug|x64
		Debug|x86 = Debug|x86
		Release|x64 = Release|x64
		Release|x86 = Release|x86
	EndGlobalSection
	GlobalSection(ProjectConfigurationPlatforms) = postSolution
		{CFD09E6D-752D-44B2-B391-47D46F8D44CC}.Debug|x64.ActiveCfg = Debug|x64
		{CFD09E6D-752D-44B2-B391-47D46F8D44CC}.Debug|x64.Build.0 = Debug|x64
		{CFD09E6D-752D-44B2-B391-47D46F8D44CC}.Debug|x86.ActiveCfg = Debug|Win32
		{CFD09E6D-752D-44B2-B391-47D46F8D44CC}.Debug|x86.Build.0 = Debug|Win32
		{CFD09E6D-752D-44B2-B391-47D46F8D44CC}.Release|x64.ActiveCfg = Release|x64
		{CFD09E6D-752D-44B2-B391-47D46F8D44CC}.Release|x64.Build.0 = Release|x64
		{CFD09E6D-752D-44B2-B391-47D46F8D44CC}.Release|x86.ActiveCfg = Release|Win32
		{CFD09E6D-752D-44B2-B391-47D46F8D44CC}.Release|x86.Build.0 = Release|Win32
	EndGlobalSection
	GlobalSection(SolutionProperties) = preSolution
		HideSolutionNode = FALSE
	EndGlobalSection
	GlobalSection(ExtensibilityGlobals) = postSolution
		SolutionGuid = {F3B96A23-FEB6-4AAA-94C4-325E10641220}
	EndGlobalSection
EndGlobal
