
Microsoft Visual Studio Solution File, Format Version 12.00
# Visual Studio Version 16
VisualStudioVersion = 16.0.30225.117
MinimumVisualStudioVersion = 10.0.40219.1
Project("{FAE04EC0-301F-11D3-BF4B-00C04F79EFBC}") = "StudentsMS", "StudentsMS\StudentsMS.csproj", "{166C6331-7C9E-48A4-AECE-4854211EAD6A}"
EndProject
Global
	GlobalSection(SolutionConfigurationPlatforms) = preSolution
		Debug|Any CPU = Debug|Any CPU
		Release|Any CPU = Release|Any CPU
	EndGlobalSection
	GlobalSection(ProjectConfigurationPlatforms) = postSolution
		{166C6331-7C9E-48A4-AECE-4854211EAD6A}.Debug|Any CPU.ActiveCfg = Debug|Any CPU
		{166C6331-7C9E-48A4-AECE-4854211EAD6A}.Debug|Any CPU.Build.0 = Debug|Any CPU
		{166C6331-7C9E-48A4-AECE-4854211EAD6A}.Release|Any CPU.ActiveCfg = Release|Any CPU
		{166C6331-7C9E-48A4-AECE-4854211EAD6A}.Release|Any CPU.Build.0 = Release|Any CPU
	EndGlobalSection
	GlobalSection(SolutionProperties) = preSolution
		HideSolutionNode = FALSE
	EndGlobalSection
	GlobalSection(ExtensibilityGlobals) = postSolution
		SolutionGuid = {8A98DD43-36D1-4524-82A5-A06DE97E788F}
	EndGlobalSection
EndGlobal
